
Microsoft Visual Studio Solution File, Format Version 12.00
# Visual Studio Version 17
VisualStudioVersion = 17.3.32922.545
MinimumVisualStudioVersion = 10.0.40219.1
Project("{E24C65DC-7377-472B-9ABA-BC803B73C61A}") = "grow-ambition-medical-college", ".", "{302A84A1-1329-4246-BB34-B2D95A853A25}"
	ProjectSection(WebsiteProperties) = preProject
		TargetFrameworkMoniker = ".NETFramework,Version%3Dv4.8"
		Debug.AspNetCompiler.VirtualPath = "/localhost_64318"
		Debug.AspNetCompiler.PhysicalPath = "D:\projects\php_design_file\grow-ambition-medical-college\"
		Debug.AspNetCompiler.TargetPath = "PrecompiledWeb\localhost_64318\"
		Debug.AspNetCompiler.Updateable = "true"
		Debug.AspNetCompiler.ForceOverwrite = "true"
		Debug.AspNetCompiler.FixedNames = "false"
		Debug.AspNetCompiler.Debug = "True"
		Release.AspNetCompiler.VirtualPath = "/localhost_64318"
		Release.AspNetCompiler.PhysicalPath = "D:\projects\php_design_file\grow-ambition-medical-college\"
		Release.AspNetCompiler.TargetPath = "PrecompiledWeb\localhost_64318\"
		Release.AspNetCompiler.Updateable = "true"
		Release.AspNetCompiler.ForceOverwrite = "true"
		Release.AspNetCompiler.FixedNames = "false"
		Release.AspNetCompiler.Debug = "False"
		VWDPort = "64318"
	EndProjectSection
EndProject
Global
	GlobalSection(SolutionConfigurationPlatforms) = preSolution
		Debug|Any CPU = Debug|Any CPU
	EndGlobalSection
	GlobalSection(ProjectConfigurationPlatforms) = postSolution
		{302A84A1-1329-4246-BB34-B2D95A853A25}.Debug|Any CPU.ActiveCfg = Debug|Any CPU
		{302A84A1-1329-4246-BB34-B2D95A853A25}.Debug|Any CPU.Build.0 = Debug|Any CPU
	EndGlobalSection
	GlobalSection(SolutionProperties) = preSolution
		HideSolutionNode = FALSE
	EndGlobalSection
	GlobalSection(ExtensibilityGlobals) = postSolution
		SolutionGuid = {06FE2138-E450-4EEA-B1EE-A9FE5E48DA3F}
	EndGlobalSection
EndGlobal
